
Microsoft Visual Studio Solution File, Format Version 12.00
# Visual Studio Version 17
VisualStudioVersion = 17.3.32804.467
MinimumVisualStudioVersion = 10.0.40219.1
Project("{FAE04EC0-301F-11D3-BF4B-00C04F79EFBC}") = "EB-T15_Methods5", "EB-T15_Methods5.csproj", "{68930A73-39F2-476E-9869-8CB3638C5B69}"
EndProject
Global
	GlobalSection(SolutionConfigurationPlatforms) = preSolution
		Debug|Any CPU = Debug|Any CPU
		Release|Any CPU = Release|Any CPU
	EndGlobalSection
	GlobalSection(ProjectConfigurationPlatforms) = postSolution
		{68930A73-39F2-476E-9869-8CB3638C5B69}.Debug|Any CPU.ActiveCfg = Debug|Any CPU
		{68930A73-39F2-476E-9869-8CB3638C5B69}.Debug|Any CPU.Build.0 = Debug|Any CPU
		{68930A73-39F2-476E-9869-8CB3638C5B69}.Release|Any CPU.ActiveCfg = Release|Any CPU
		{68930A73-39F2-476E-9869-8CB3638C5B69}.Release|Any CPU.Build.0 = Release|Any CPU
	EndGlobalSection
	GlobalSection(SolutionProperties) = preSolution
		HideSolutionNode = FALSE
	EndGlobalSection
	GlobalSection(ExtensibilityGlobals) = postSolution
		SolutionGuid = {187C1232-A228-45C0-A55F-CFD0552FFDB0}
	EndGlobalSection
EndGlobal
